PODS:
  - Alamofire (5.2.2)
  - RxCocoa (5.1.1):
    - RxRelay (~> 5)
    - RxSwift (~> 5)
  - RxRelay (5.1.1):
    - RxSwift (~> 5)
  - RxSwift (5.1.1)
  - SwiftLint (0.40.3)

DEPENDENCIES:
  - Alamofire (~> 5.2)
  - RxCocoa (~> 5)
  - RxSwift (~> 5)
  - SwiftLint

SPEC REPOS:
  trunk:
    - Alamofire
    - RxCocoa
    - RxRelay
    - RxSwift
    - SwiftLint

SPEC CHECKSUMS:
  Alamofire: 814429acc853c6c54ff123fc3d2ef66803823ce0
  RxCocoa: 32065309a38d29b5b0db858819b5bf9ef038b601
  RxRelay: d77f7d771495f43c556cbc43eebd1bb54d01e8e9
  RxSwift: 81470a2074fa8780320ea5fe4102807cb7118178
  SwiftLint: dfd554ff0dff17288ee574814ccdd5cea85d76f7

PODFILE CHECKSUM: 5cf7e86f259bd2c92d9c50afda0ff96d0c450e6e

COCOAPODS: 1.9.3
