PODS:
  - Alamofire (5.2.2)
  - Kingfisher (5.15.5):
    - Kingfisher/Core (= 5.15.5)
  - Kingfisher/Core (5.15.5)
  - lottie-ios (3.1.8)
  - Realm (5.4.6):
    - Realm/Headers (= 5.4.6)
  - Realm/Headers (5.4.6)
  - RealmSwift (5.4.6):
    - Realm (= 5.4.6)
  - SwiftLint (0.40.3)

DEPENDENCIES:
  - Alamofire (~> 5.2)
  - Kingfisher (~> 5.0)
  - lottie-ios
  - RealmSwift
  - SwiftLint

SPEC REPOS:
  trunk:
    - Alamofire
    - Kingfisher
    - lottie-ios
    - Realm
    - RealmSwift
    - SwiftLint

SPEC CHECKSUMS:
  Alamofire: 814429acc853c6c54ff123fc3d2ef66803823ce0
  Kingfisher: e3ec347a5ab8817b7585ef46923a2d2b9a7d8fbe
  lottie-ios: 48fac6be217c76937e36e340e2d09cf7b10b7f5f
  Realm: bb8d7be40d0bc92f139c47095124513c489c0baf
  RealmSwift: c469118d55feccd985f1de12973c6ef5587213ca
  SwiftLint: dfd554ff0dff17288ee574814ccdd5cea85d76f7

PODFILE CHECKSUM: 60184229bc599c54c29bae8945d2837723bdb70a

COCOAPODS: 1.9.3
