PODS:
  - Alamofire (5.2.2)
  - lottie-ios (3.1.8)
  - RxCocoa (5.1.1):
    - RxRelay (~> 5)
    - RxSwift (~> 5)
  - RxRelay (5.1.1):
    - RxSwift (~> 5)
  - RxSwift (5.1.1)
  - SwiftLint (0.40.3)

DEPENDENCIES:
  - Alamofire (~> 5.2)
  - lottie-ios
  - RxCocoa (~> 5)
  - RxSwift (~> 5)
  - SwiftLint

SPEC REPOS:
  trunk:
    - Alamofire
    - lottie-ios
    - RxCocoa
    - RxRelay
    - RxSwift
    - SwiftLint

SPEC CHECKSUMS:
  Alamofire: 814429acc853c6c54ff123fc3d2ef66803823ce0
  lottie-ios: 48fac6be217c76937e36e340e2d09cf7b10b7f5f
  RxCocoa: 32065309a38d29b5b0db858819b5bf9ef038b601
  RxRelay: d77f7d771495f43c556cbc43eebd1bb54d01e8e9
  RxSwift: 81470a2074fa8780320ea5fe4102807cb7118178
  SwiftLint: dfd554ff0dff17288ee574814ccdd5cea85d76f7

PODFILE CHECKSUM: bab77d979b87437a15e5fb7641517079065938f5

COCOAPODS: 1.9.3
