// !$*UTF8*$!
{
	archiveVersion = 1;
	classes = {
	};
	objectVersion = 51;
	objects = {

/* Begin PBXBuildFile section */
		7FD066ACC52A29C7D7A6E76F /* Pods_gamecenter.framework in Frameworks */ = {isa = PBXBuildFile; fileRef = 5E42BDB4B65C83F230AA7C1D /* Pods_gamecenter.framework */; };
		F02F35E425241FE600876428 /* Observable+Extension.swift in Sources */ = {isa = PBXBuildFile; fileRef = F02F35E325241FE600876428 /* Observable+Extension.swift */; };
		F02F35E92524203B00876428 /* BaseViewController.swift in Sources */ = {isa = PBXBuildFile; fileRef = F02F35E82524203B00876428 /* BaseViewController.swift */; };
		F02F35EB2524205F00876428 /* BaseViewModel.swift in Sources */ = {isa = PBXBuildFile; fileRef = F02F35EA2524205F00876428 /* BaseViewModel.swift */; };
		F02F35ED2524219100876428 /* SplashViewController.swift in Sources */ = {isa = PBXBuildFile; fileRef = F02F35EC2524219100876428 /* SplashViewController.swift */; };
		F02F35EF252421A900876428 /* SplashViewModel.swift in Sources */ = {isa = PBXBuildFile; fileRef = F02F35EE252421A900876428 /* SplashViewModel.swift */; };
		F02F35F12524240500876428 /* TopViewController.swift in Sources */ = {isa = PBXBuildFile; fileRef = F02F35F02524240500876428 /* TopViewController.swift */; };
		F02F35F32524241400876428 /* TopViewModel.swift in Sources */ = {isa = PBXBuildFile; fileRef = F02F35F22524241400876428 /* TopViewModel.swift */; };
		F02F35F62524253200876428 /* LoadingButton.swift in Sources */ = {isa = PBXBuildFile; fileRef = F02F35F52524253200876428 /* LoadingButton.swift */; };
		F02F3600252462CA00876428 /* UserDefault.swift in Sources */ = {isa = PBXBuildFile; fileRef = F02F35FF252462CA00876428 /* UserDefault.swift */; };
		F03BF51C2523310F006018BC /* AppDelegate.swift in Sources */ = {isa = PBXBuildFile; fileRef = F03BF51B2523310F006018BC /* AppDelegate.swift */; };
		F03BF51E2523310F006018BC /* SceneDelegate.swift in Sources */ = {isa = PBXBuildFile; fileRef = F03BF51D2523310F006018BC /* SceneDelegate.swift */; };
		F03BF5202523310F006018BC /* ViewController.swift in Sources */ = {isa = PBXBuildFile; fileRef = F03BF51F2523310F006018BC /* ViewController.swift */; };
		F03BF5232523310F006018BC /* Main.storyboard in Resources */ = {isa = PBXBuildFile; fileRef = F03BF5212523310F006018BC /* Main.storyboard */; };
		F03BF52525233113006018BC /* Assets.xcassets in Resources */ = {isa = PBXBuildFile; fileRef = F03BF52425233113006018BC /* Assets.xcassets */; };
		F03BF52825233113006018BC /* LaunchScreen.storyboard in Resources */ = {isa = PBXBuildFile; fileRef = F03BF52625233113006018BC /* LaunchScreen.storyboard */; };
		F03BF53725241F7E006018BC /* SceneCoodinator.swift in Sources */ = {isa = PBXBuildFile; fileRef = F03BF53425241F7D006018BC /* SceneCoodinator.swift */; };
		F03BF53825241F7E006018BC /* Scene.swift in Sources */ = {isa = PBXBuildFile; fileRef = F03BF53525241F7E006018BC /* Scene.swift */; };
		F03BF53925241F7E006018BC /* SceneTransitionType.swift in Sources */ = {isa = PBXBuildFile; fileRef = F03BF53625241F7E006018BC /* SceneTransitionType.swift */; };
		F05D2535252ABAC500E019DB /* BaseSelectedCell.swift in Sources */ = {isa = PBXBuildFile; fileRef = F05D2534252ABAC500E019DB /* BaseSelectedCell.swift */; };
		F066AE90252708E800800ABB /* SelectGenre.json in Resources */ = {isa = PBXBuildFile; fileRef = F066AE8F252708E800800ABB /* SelectGenre.json */; };
		F066AE9525270B1F00800ABB /* GenreModel.swift in Sources */ = {isa = PBXBuildFile; fileRef = F066AE9425270B1F00800ABB /* GenreModel.swift */; };
		F066AE9725270B5F00800ABB /* Genre.swift in Sources */ = {isa = PBXBuildFile; fileRef = F066AE9625270B5F00800ABB /* Genre.swift */; };
		F066AE9925270D4E00800ABB /* BaseSelectViewModel.swift in Sources */ = {isa = PBXBuildFile; fileRef = F066AE9825270D4E00800ABB /* BaseSelectViewModel.swift */; };
		F066AE9B25271C7100800ABB /* SelectedGenreCell.swift in Sources */ = {isa = PBXBuildFile; fileRef = F066AE9A25271C7100800ABB /* SelectedGenreCell.swift */; };
		F07C1C6C2525793A00DB9AE1 /* SelectPlatformViewController.swift in Sources */ = {isa = PBXBuildFile; fileRef = F07C1C6B2525793A00DB9AE1 /* SelectPlatformViewController.swift */; };
		F07C1C6E2525794B00DB9AE1 /* SelectPlatformViewModel.swift in Sources */ = {isa = PBXBuildFile; fileRef = F07C1C6D2525794B00DB9AE1 /* SelectPlatformViewModel.swift */; };
		F07C1C7025257A6200DB9AE1 /* UIView+Constrain+Extension.swift in Sources */ = {isa = PBXBuildFile; fileRef = F07C1C6F25257A6200DB9AE1 /* UIView+Constrain+Extension.swift */; };
		F07C1C7225257A8000DB9AE1 /* UITableview+Extension.swift in Sources */ = {isa = PBXBuildFile; fileRef = F07C1C7125257A8000DB9AE1 /* UITableview+Extension.swift */; };
		F07C1C7425257A8B00DB9AE1 /* NSObject+Extension.swift in Sources */ = {isa = PBXBuildFile; fileRef = F07C1C7325257A8B00DB9AE1 /* NSObject+Extension.swift */; };
		F07C1C7725257ACF00DB9AE1 /* SellectPlatformCell.swift in Sources */ = {isa = PBXBuildFile; fileRef = F07C1C7625257ACF00DB9AE1 /* SellectPlatformCell.swift */; };
		F07C1C7925257AE700DB9AE1 /* BaseCollectionViewCell.swift in Sources */ = {isa = PBXBuildFile; fileRef = F07C1C7825257AE700DB9AE1 /* BaseCollectionViewCell.swift */; };
		F07C1C7E2525927D00DB9AE1 /* ParentPlatform.swift in Sources */ = {isa = PBXBuildFile; fileRef = F07C1C7D2525927D00DB9AE1 /* ParentPlatform.swift */; };
		F07C1C80252592A500DB9AE1 /* BaseResponse.swift in Sources */ = {isa = PBXBuildFile; fileRef = F07C1C7F252592A500DB9AE1 /* BaseResponse.swift */; };
		F07C1C832525937A00DB9AE1 /* ParentPlatfomModel.swift in Sources */ = {isa = PBXBuildFile; fileRef = F07C1C822525937A00DB9AE1 /* ParentPlatfomModel.swift */; };
		F07C1C852525B25400DB9AE1 /* UIColor+Extension.swift in Sources */ = {isa = PBXBuildFile; fileRef = F07C1C842525B25400DB9AE1 /* UIColor+Extension.swift */; };
		F07C1C872525B2FB00DB9AE1 /* LeftAlignedCollectionViewFlowLayout.swift in Sources */ = {isa = PBXBuildFile; fileRef = F07C1C862525B2FB00DB9AE1 /* LeftAlignedCollectionViewFlowLayout.swift */; };
		F07C1C8B2525C6FF00DB9AE1 /* SelectPlatformHeaderView.swift in Sources */ = {isa = PBXBuildFile; fileRef = F07C1C8A2525C6FF00DB9AE1 /* SelectPlatformHeaderView.swift */; };
		F0AE44122526D6DB001D218F /* BaseSelectViewController.swift in Sources */ = {isa = PBXBuildFile; fileRef = F0AE44112526D6DB001D218F /* BaseSelectViewController.swift */; };
		F0AE44162526D9AE001D218F /* SelectGenreViewController.swift in Sources */ = {isa = PBXBuildFile; fileRef = F0AE44152526D9AE001D218F /* SelectGenreViewController.swift */; };
		F0AE44182526D9D4001D218F /* SelectGenreViewModel.swift in Sources */ = {isa = PBXBuildFile; fileRef = F0AE44172526D9D4001D218F /* SelectGenreViewModel.swift */; };
		F0AE441A2526E2AA001D218F /* PlatformsData.json in Resources */ = {isa = PBXBuildFile; fileRef = F0AE44192526E2AA001D218F /* PlatformsData.json */; };
/* End PBXBuildFile section */

/* Begin PBXFileReference section */
		5E42BDB4B65C83F230AA7C1D /* Pods_gamecenter.framework */ = {isa = PBXFileReference; explicitFileType = wrapper.framework; includeInIndex = 0; path = Pods_gamecenter.framework; sourceTree = BUILT_PRODUCTS_DIR; };
		BE65B5C542E9CC8371E1F3C4 /* Pods-gamecenter.debug.xcconfig */ = {isa = PBXFileReference; includeInIndex = 1; lastKnownFileType = text.xcconfig; name = "Pods-gamecenter.debug.xcconfig"; path = "Target Support Files/Pods-gamecenter/Pods-gamecenter.debug.xcconfig"; sourceTree = "<group>"; };
		F02F35E325241FE600876428 /* Observable+Extension.swift */ = {isa = PBXFileReference; fileEncoding = 4; lastKnownFileType = sourcecode.swift; path = "Observable+Extension.swift"; sourceTree = "<group>"; };
		F02F35E82524203B00876428 /* BaseViewController.swift */ = {isa = PBXFileReference; lastKnownFileType = sourcecode.swift; path = BaseViewController.swift; sourceTree = "<group>"; };
		F02F35EA2524205F00876428 /* BaseViewModel.swift */ = {isa = PBXFileReference; lastKnownFileType = sourcecode.swift; path = BaseViewModel.swift; sourceTree = "<group>"; };
		F02F35EC2524219100876428 /* SplashViewController.swift */ = {isa = PBXFileReference; lastKnownFileType = sourcecode.swift; path = SplashViewController.swift; sourceTree = "<group>"; };
		F02F35EE252421A900876428 /* SplashViewModel.swift */ = {isa = PBXFileReference; lastKnownFileType = sourcecode.swift; path = SplashViewModel.swift; sourceTree = "<group>"; };
		F02F35F02524240500876428 /* TopViewController.swift */ = {isa = PBXFileReference; lastKnownFileType = sourcecode.swift; path = TopViewController.swift; sourceTree = "<group>"; };
		F02F35F22524241400876428 /* TopViewModel.swift */ = {isa = PBXFileReference; lastKnownFileType = sourcecode.swift; path = TopViewModel.swift; sourceTree = "<group>"; };
		F02F35F52524253200876428 /* LoadingButton.swift */ = {isa = PBXFileReference; fileEncoding = 4; lastKnownFileType = sourcecode.swift; path = LoadingButton.swift; sourceTree = "<group>"; };
		F02F35FF252462CA00876428 /* UserDefault.swift */ = {isa = PBXFileReference; lastKnownFileType = sourcecode.swift; path = UserDefault.swift; sourceTree = "<group>"; };
		F03BF5182523310F006018BC /* gamecenter.app */ = {isa = PBXFileReference; explicitFileType = wrapper.application; includeInIndex = 0; path = gamecenter.app; sourceTree = BUILT_PRODUCTS_DIR; };
		F03BF51B2523310F006018BC /* AppDelegate.swift */ = {isa = PBXFileReference; lastKnownFileType = sourcecode.swift; path = AppDelegate.swift; sourceTree = "<group>"; };
		F03BF51D2523310F006018BC /* SceneDelegate.swift */ = {isa = PBXFileReference; lastKnownFileType = sourcecode.swift; path = SceneDelegate.swift; sourceTree = "<group>"; };
		F03BF51F2523310F006018BC /* ViewController.swift */ = {isa = PBXFileReference; lastKnownFileType = sourcecode.swift; path = ViewController.swift; sourceTree = "<group>"; };
		F03BF5222523310F006018BC /* Base */ = {isa = PBXFileReference; lastKnownFileType = file.storyboard; name = Base; path = Base.lproj/Main.storyboard; sourceTree = "<group>"; };
		F03BF52425233113006018BC /* Assets.xcassets */ = {isa = PBXFileReference; lastKnownFileType = folder.assetcatalog; path = Assets.xcassets; sourceTree = "<group>"; };
		F03BF52725233113006018BC /* Base */ = {isa = PBXFileReference; lastKnownFileType = file.storyboard; name = Base; path = Base.lproj/LaunchScreen.storyboard; sourceTree = "<group>"; };
		F03BF52925233113006018BC /* Info.plist */ = {isa = PBXFileReference; lastKnownFileType = text.plist.xml; path = Info.plist; sourceTree = "<group>"; };
		F03BF53425241F7D006018BC /* SceneCoodinator.swift */ = {isa = PBXFileReference; fileEncoding = 4; lastKnownFileType = sourcecode.swift; path = SceneCoodinator.swift; sourceTree = "<group>"; };
		F03BF53525241F7E006018BC /* Scene.swift */ = {isa = PBXFileReference; fileEncoding = 4; lastKnownFileType = sourcecode.swift; path = Scene.swift; sourceTree = "<group>"; };
		F03BF53625241F7E006018BC /* SceneTransitionType.swift */ = {isa = PBXFileReference; fileEncoding = 4; lastKnownFileType = sourcecode.swift; path = SceneTransitionType.swift; sourceTree = "<group>"; };
		F05D2534252ABAC500E019DB /* BaseSelectedCell.swift */ = {isa = PBXFileReference; lastKnownFileType = sourcecode.swift; path = BaseSelectedCell.swift; sourceTree = "<group>"; };
		F066AE8F252708E800800ABB /* SelectGenre.json */ = {isa = PBXFileReference; lastKnownFileType = text.json; path = SelectGenre.json; sourceTree = "<group>"; };
		F066AE9425270B1F00800ABB /* GenreModel.swift */ = {isa = PBXFileReference; lastKnownFileType = sourcecode.swift; path = GenreModel.swift; sourceTree = "<group>"; };
		F066AE9625270B5F00800ABB /* Genre.swift */ = {isa = PBXFileReference; lastKnownFileType = sourcecode.swift; path = Genre.swift; sourceTree = "<group>"; };
		F066AE9825270D4E00800ABB /* BaseSelectViewModel.swift */ = {isa = PBXFileReference; lastKnownFileType = sourcecode.swift; path = BaseSelectViewModel.swift; sourceTree = "<group>"; };
		F066AE9A25271C7100800ABB /* SelectedGenreCell.swift */ = {isa = PBXFileReference; lastKnownFileType = sourcecode.swift; path = SelectedGenreCell.swift; sourceTree = "<group>"; };
		F07C1C6B2525793A00DB9AE1 /* SelectPlatformViewController.swift */ = {isa = PBXFileReference; lastKnownFileType = sourcecode.swift; path = SelectPlatformViewController.swift; sourceTree = "<group>"; };
		F07C1C6D2525794B00DB9AE1 /* SelectPlatformViewModel.swift */ = {isa = PBXFileReference; lastKnownFileType = sourcecode.swift; path = SelectPlatformViewModel.swift; sourceTree = "<group>"; };
		F07C1C6F25257A6200DB9AE1 /* UIView+Constrain+Extension.swift */ = {isa = PBXFileReference; fileEncoding = 4; lastKnownFileType = sourcecode.swift; path = "UIView+Constrain+Extension.swift"; sourceTree = "<group>"; };
		F07C1C7125257A8000DB9AE1 /* UITableview+Extension.swift */ = {isa = PBXFileReference; fileEncoding = 4; lastKnownFileType = sourcecode.swift; path = "UITableview+Extension.swift"; sourceTree = "<group>"; };
		F07C1C7325257A8B00DB9AE1 /* NSObject+Extension.swift */ = {isa = PBXFileReference; fileEncoding = 4; lastKnownFileType = sourcecode.swift; path = "NSObject+Extension.swift"; sourceTree = "<group>"; };
		F07C1C7625257ACF00DB9AE1 /* SellectPlatformCell.swift */ = {isa = PBXFileReference; lastKnownFileType = sourcecode.swift; path = SellectPlatformCell.swift; sourceTree = "<group>"; };
		F07C1C7825257AE700DB9AE1 /* BaseCollectionViewCell.swift */ = {isa = PBXFileReference; lastKnownFileType = sourcecode.swift; path = BaseCollectionViewCell.swift; sourceTree = "<group>"; };
		F07C1C7D2525927D00DB9AE1 /* ParentPlatform.swift */ = {isa = PBXFileReference; lastKnownFileType = sourcecode.swift; path = ParentPlatform.swift; sourceTree = "<group>"; };
		F07C1C7F252592A500DB9AE1 /* BaseResponse.swift */ = {isa = PBXFileReference; lastKnownFileType = sourcecode.swift; path = BaseResponse.swift; sourceTree = "<group>"; };
		F07C1C822525937A00DB9AE1 /* ParentPlatfomModel.swift */ = {isa = PBXFileReference; lastKnownFileType = sourcecode.swift; path = ParentPlatfomModel.swift; sourceTree = "<group>"; };
		F07C1C842525B25400DB9AE1 /* UIColor+Extension.swift */ = {isa = PBXFileReference; lastKnownFileType = sourcecode.swift; path = "UIColor+Extension.swift"; sourceTree = "<group>"; };
		F07C1C862525B2FB00DB9AE1 /* LeftAlignedCollectionViewFlowLayout.swift */ = {isa = PBXFileReference; lastKnownFileType = sourcecode.swift; path = LeftAlignedCollectionViewFlowLayout.swift; sourceTree = "<group>"; };
		F07C1C8A2525C6FF00DB9AE1 /* SelectPlatformHeaderView.swift */ = {isa = PBXFileReference; lastKnownFileType = sourcecode.swift; path = SelectPlatformHeaderView.swift; sourceTree = "<group>"; };
		F0AE44112526D6DB001D218F /* BaseSelectViewController.swift */ = {isa = PBXFileReference; lastKnownFileType = sourcecode.swift; path = BaseSelectViewController.swift; sourceTree = "<group>"; };
		F0AE44152526D9AE001D218F /* SelectGenreViewController.swift */ = {isa = PBXFileReference; lastKnownFileType = sourcecode.swift; path = SelectGenreViewController.swift; sourceTree = "<group>"; };
		F0AE44172526D9D4001D218F /* SelectGenreViewModel.swift */ = {isa = PBXFileReference; lastKnownFileType = sourcecode.swift; path = SelectGenreViewModel.swift; sourceTree = "<group>"; };
		F0AE44192526E2AA001D218F /* PlatformsData.json */ = {isa = PBXFileReference; lastKnownFileType = text.json; path = PlatformsData.json; sourceTree = "<group>"; };
		FF50BFAC0D6B974E66B60AE6 /* Pods-gamecenter.release.xcconfig */ = {isa = PBXFileReference; includeInIndex = 1; lastKnownFileType = text.xcconfig; name = "Pods-gamecenter.release.xcconfig"; path = "Target Support Files/Pods-gamecenter/Pods-gamecenter.release.xcconfig"; sourceTree = "<group>"; };
/* End PBXFileReference section */

/* Begin PBXFrameworksBuildPhase section */
		F03BF5152523310F006018BC /* Frameworks */ = {
			isa = PBXFrameworksBuildPhase;
			buildActionMask = 2147483647;
			files = (
				7FD066ACC52A29C7D7A6E76F /* Pods_gamecenter.framework in Frameworks */,
			);
			runOnlyForDeploymentPostprocessing = 0;
		};
/* End PBXFrameworksBuildPhase section */

/* Begin PBXGroup section */
		1CDE3D1B211080A8B2DBC979 /* Pods */ = {
			isa = PBXGroup;
			children = (
				BE65B5C542E9CC8371E1F3C4 /* Pods-gamecenter.debug.xcconfig */,
				FF50BFAC0D6B974E66B60AE6 /* Pods-gamecenter.release.xcconfig */,
			);
			path = Pods;
			sourceTree = "<group>";
		};
		B1AB3446EA658CE77310D79E /* Frameworks */ = {
			isa = PBXGroup;
			children = (
				5E42BDB4B65C83F230AA7C1D /* Pods_gamecenter.framework */,
			);
			name = Frameworks;
			sourceTree = "<group>";
		};
		F02F35E52524201800876428 /* Top */ = {
			isa = PBXGroup;
			children = (
				F02F35F02524240500876428 /* TopViewController.swift */,
				F02F35F22524241400876428 /* TopViewModel.swift */,
			);
			path = Top;
			sourceTree = "<group>";
		};
		F02F35E62524202000876428 /* Splash */ = {
			isa = PBXGroup;
			children = (
				F0AE44132526D987001D218F /* Splash */,
				F0AE44102526D6B5001D218F /* Base Select */,
				F07C1C692525791400DB9AE1 /* Select Platform */,
				F0AE44142526D992001D218F /* Select Genre */,
			);
			path = Splash;
			sourceTree = "<group>";
		};
		F02F35E72524202600876428 /* Base */ = {
			isa = PBXGroup;
			children = (
				F02F35E82524203B00876428 /* BaseViewController.swift */,
				F02F35EA2524205F00876428 /* BaseViewModel.swift */,
				F07C1C7825257AE700DB9AE1 /* BaseCollectionViewCell.swift */,
			);
			path = Base;
			sourceTree = "<group>";
		};
		F02F35F42524251100876428 /* Widget */ = {
			isa = PBXGroup;
			children = (
				F02F35F52524253200876428 /* LoadingButton.swift */,
			);
			path = Widget;
			sourceTree = "<group>";
		};
		F02F35FE252462BA00876428 /* Services */ = {
			isa = PBXGroup;
			children = (
				F02F35FF252462CA00876428 /* UserDefault.swift */,
			);
			path = Services;
			sourceTree = "<group>";
		};
		F03BF50F2523310F006018BC = {
			isa = PBXGroup;
			children = (
				F03BF51A2523310F006018BC /* gamecenter */,
				F03BF5192523310F006018BC /* Products */,
				1CDE3D1B211080A8B2DBC979 /* Pods */,
				B1AB3446EA658CE77310D79E /* Frameworks */,
			);
			sourceTree = "<group>";
		};
		F03BF5192523310F006018BC /* Products */ = {
			isa = PBXGroup;
			children = (
				F03BF5182523310F006018BC /* gamecenter.app */,
			);
			name = Products;
			sourceTree = "<group>";
		};
		F03BF51A2523310F006018BC /* gamecenter */ = {
			isa = PBXGroup;
			children = (
				F07C1C7A252591FC00DB9AE1 /* Model */,
				F02F35FE252462BA00876428 /* Services */,
				F03BF53125241F3D006018BC /* Common */,
				F03BF53325241F53006018BC /* Cordinator */,
				F03BF53225241F45006018BC /* Controller */,
				F02F35F42524251100876428 /* Widget */,
				F03BF53025241ED8006018BC /* Resource */,
				F03BF52925233113006018BC /* Info.plist */,
			);
			path = gamecenter;
			sourceTree = "<group>";
		};
		F03BF53025241ED8006018BC /* Resource */ = {
			isa = PBXGroup;
			children = (
				F03BF52625233113006018BC /* LaunchScreen.storyboard */,
				F03BF52425233113006018BC /* Assets.xcassets */,
				F03BF51B2523310F006018BC /* AppDelegate.swift */,
				F03BF51D2523310F006018BC /* SceneDelegate.swift */,
				F03BF51F2523310F006018BC /* ViewController.swift */,
				F03BF5212523310F006018BC /* Main.storyboard */,
			);
			path = Resource;
			sourceTree = "<group>";
		};
		F03BF53125241F3D006018BC /* Common */ = {
			isa = PBXGroup;
			children = (
				F07C1C6F25257A6200DB9AE1 /* UIView+Constrain+Extension.swift */,
				F02F35E325241FE600876428 /* Observable+Extension.swift */,
				F07C1C7125257A8000DB9AE1 /* UITableview+Extension.swift */,
				F07C1C7325257A8B00DB9AE1 /* NSObject+Extension.swift */,
				F07C1C842525B25400DB9AE1 /* UIColor+Extension.swift */,
			);
			path = Common;
			sourceTree = "<group>";
		};
		F03BF53225241F45006018BC /* Controller */ = {
			isa = PBXGroup;
			children = (
				F02F35E72524202600876428 /* Base */,
				F02F35E62524202000876428 /* Splash */,
				F02F35E52524201800876428 /* Top */,
			);
			path = Controller;
			sourceTree = "<group>";
		};
		F03BF53325241F53006018BC /* Cordinator */ = {
			isa = PBXGroup;
			children = (
				F03BF53525241F7E006018BC /* Scene.swift */,
				F03BF53425241F7D006018BC /* SceneCoodinator.swift */,
				F03BF53625241F7E006018BC /* SceneTransitionType.swift */,
			);
			path = Cordinator;
			sourceTree = "<group>";
		};
		F05D2533252ABA9E00E019DB /* View */ = {
			isa = PBXGroup;
			children = (
				F066AE9A25271C7100800ABB /* SelectedGenreCell.swift */,
			);
			path = View;
			sourceTree = "<group>";
		};
		F066AE9125270A9B00800ABB /* Remote */ = {
			isa = PBXGroup;
			children = (
				F07C1C7D2525927D00DB9AE1 /* ParentPlatform.swift */,
				F07C1C7F252592A500DB9AE1 /* BaseResponse.swift */,
				F066AE9625270B5F00800ABB /* Genre.swift */,
			);
			path = Remote;
			sourceTree = "<group>";
		};
		F07C1C692525791400DB9AE1 /* Select Platform */ = {
			isa = PBXGroup;
			children = (
				F07C1C7525257AA700DB9AE1 /* View */,
				F07C1C6B2525793A00DB9AE1 /* SelectPlatformViewController.swift */,
				F07C1C6D2525794B00DB9AE1 /* SelectPlatformViewModel.swift */,
				F0AE44192526E2AA001D218F /* PlatformsData.json */,
			);
			path = "Select Platform";
			sourceTree = "<group>";
		};
		F07C1C7525257AA700DB9AE1 /* View */ = {
			isa = PBXGroup;
			children = (
				F07C1C7625257ACF00DB9AE1 /* SellectPlatformCell.swift */,
				F07C1C862525B2FB00DB9AE1 /* LeftAlignedCollectionViewFlowLayout.swift */,
			);
			path = View;
			sourceTree = "<group>";
		};
		F07C1C7A252591FC00DB9AE1 /* Model */ = {
			isa = PBXGroup;
			children = (
				F066AE9125270A9B00800ABB /* Remote */,
				F07C1C822525937A00DB9AE1 /* ParentPlatfomModel.swift */,
				F066AE9425270B1F00800ABB /* GenreModel.swift */,
			);
			path = Model;
			sourceTree = "<group>";
		};
		F0AE44102526D6B5001D218F /* Base Select */ = {
			isa = PBXGroup;
			children = (
				F0AE44112526D6DB001D218F /* BaseSelectViewController.swift */,
				F066AE9825270D4E00800ABB /* BaseSelectViewModel.swift */,
				F05D2534252ABAC500E019DB /* BaseSelectedCell.swift */,
				F07C1C8A2525C6FF00DB9AE1 /* SelectPlatformHeaderView.swift */,
			);
			path = "Base Select";
			sourceTree = "<group>";
		};
		F0AE44132526D987001D218F /* Splash */ = {
			isa = PBXGroup;
			children = (
				F02F35EC2524219100876428 /* SplashViewController.swift */,
				F02F35EE252421A900876428 /* SplashViewModel.swift */,
			);
			path = Splash;
			sourceTree = "<group>";
		};
		F0AE44142526D992001D218F /* Select Genre */ = {
			isa = PBXGroup;
			children = (
				F05D2533252ABA9E00E019DB /* View */,
				F0AE44152526D9AE001D218F /* SelectGenreViewController.swift */,
				F0AE44172526D9D4001D218F /* SelectGenreViewModel.swift */,
				F066AE8F252708E800800ABB /* SelectGenre.json */,
			);
			path = "Select Genre";
			sourceTree = "<group>";
		};
/* End PBXGroup section */

/* Begin PBXNativeTarget section */
		F03BF5172523310F006018BC /* gamecenter */ = {
			isa = PBXNativeTarget;
			buildConfigurationList = F03BF52C25233113006018BC /* Build configuration list for PBXNativeTarget "gamecenter" */;
			buildPhases = (
				212D83E431DE4322E5A70715 /* [CP] Check Pods Manifest.lock */,
				F03BF5142523310F006018BC /* Sources */,
				F03BF5152523310F006018BC /* Frameworks */,
				F03BF5162523310F006018BC /* Resources */,
				89FE4A36AE22AA9EBC3389F8 /* [CP] Embed Pods Frameworks */,
				F03BF52F25241E70006018BC /* ShellScript */,
			);
			buildRules = (
			);
			dependencies = (
			);
			name = gamecenter;
			productName = gamecenter;
			productReference = F03BF5182523310F006018BC /* gamecenter.app */;
			productType = "com.apple.product-type.application";
		};
/* End PBXNativeTarget section */

/* Begin PBXProject section */
		F03BF5102523310F006018BC /* Project object */ = {
			isa = PBXProject;
			attributes = {
				LastSwiftUpdateCheck = 1170;
				LastUpgradeCheck = 1170;
				ORGANIZATIONNAME = daovu;
				TargetAttributes = {
					F03BF5172523310F006018BC = {
						CreatedOnToolsVersion = 11.7;
					};
				};
			};
			buildConfigurationList = F03BF5132523310F006018BC /* Build configuration list for PBXProject "gamecenter" */;
			compatibilityVersion = "Xcode 9.3";
			developmentRegion = en;
			hasScannedForEncodings = 0;
			knownRegions = (
				en,
				Base,
			);
			mainGroup = F03BF50F2523310F006018BC;
			productRefGroup = F03BF5192523310F006018BC /* Products */;
			projectDirPath = "";
			projectRoot = "";
			targets = (
				F03BF5172523310F006018BC /* gamecenter */,
			);
		};
/* End PBXProject section */

/* Begin PBXResourcesBuildPhase section */
		F03BF5162523310F006018BC /* Resources */ = {
			isa = PBXResourcesBuildPhase;
			buildActionMask = 2147483647;
			files = (
				F03BF52825233113006018BC /* LaunchScreen.storyboard in Resources */,
				F03BF52525233113006018BC /* Assets.xcassets in Resources */,
				F03BF5232523310F006018BC /* Main.storyboard in Resources */,
				F066AE90252708E800800ABB /* SelectGenre.json in Resources */,
				F0AE441A2526E2AA001D218F /* PlatformsData.json in Resources */,
			);
			runOnlyForDeploymentPostprocessing = 0;
		};
/* End PBXResourcesBuildPhase section */

/* Begin PBXShellScriptBuildPhase section */
		212D83E431DE4322E5A70715 /* [CP] Check Pods Manifest.lock */ = {
			isa = PBXShellScriptBuildPhase;
			buildActionMask = 2147483647;
			files = (
			);
			inputFileListPaths = (
			);
			inputPaths = (
				"${PODS_PODFILE_DIR_PATH}/Podfile.lock",
				"${PODS_ROOT}/Manifest.lock",
			);
			name = "[CP] Check Pods Manifest.lock";
			outputFileListPaths = (
			);
			outputPaths = (
				"$(DERIVED_FILE_DIR)/Pods-gamecenter-checkManifestLockResult.txt",
			);
			runOnlyForDeploymentPostprocessing = 0;
			shellPath = /bin/sh;
			shellScript = "diff \"${PODS_PODFILE_DIR_PATH}/Podfile.lock\" \"${PODS_ROOT}/Manifest.lock\" > /dev/null\nif [ $? != 0 ] ; then\n    # print error to STDERR\n    echo \"error: The sandbox is not in sync with the Podfile.lock. Run 'pod install' or update your CocoaPods installation.\" >&2\n    exit 1\nfi\n# This output is used by Xcode 'outputs' to avoid re-running this script phase.\necho \"SUCCESS\" > \"${SCRIPT_OUTPUT_FILE_0}\"\n";
			showEnvVarsInLog = 0;
		};
		89FE4A36AE22AA9EBC3389F8 /* [CP] Embed Pods Frameworks */ = {
			isa = PBXShellScriptBuildPhase;
			buildActionMask = 2147483647;
			files = (
			);
			inputFileListPaths = (
				"${PODS_ROOT}/Target Support Files/Pods-gamecenter/Pods-gamecenter-frameworks-${CONFIGURATION}-input-files.xcfilelist",
			);
			name = "[CP] Embed Pods Frameworks";
			outputFileListPaths = (
				"${PODS_ROOT}/Target Support Files/Pods-gamecenter/Pods-gamecenter-frameworks-${CONFIGURATION}-output-files.xcfilelist",
			);
			runOnlyForDeploymentPostprocessing = 0;
			shellPath = /bin/sh;
			shellScript = "\"${PODS_ROOT}/Target Support Files/Pods-gamecenter/Pods-gamecenter-frameworks.sh\"\n";
			showEnvVarsInLog = 0;
		};
		F03BF52F25241E70006018BC /* ShellScript */ = {
			isa = PBXShellScriptBuildPhase;
			buildActionMask = 2147483647;
			files = (
			);
			inputFileListPaths = (
			);
			inputPaths = (
			);
			outputFileListPaths = (
			);
			outputPaths = (
			);
			runOnlyForDeploymentPostprocessing = 0;
			shellPath = /bin/sh;
			shellScript = "if which swiftlint >/dev/null; then\n  swiftlint\nelse\n  echo \"warning: SwiftLint not installed, download from https://github.com/realm/SwiftLint\"\nfi\n";
		};
/* End PBXShellScriptBuildPhase section */

/* Begin PBXSourcesBuildPhase section */
		F03BF5142523310F006018BC /* Sources */ = {
			isa = PBXSourcesBuildPhase;
			buildActionMask = 2147483647;
			files = (
				F02F35F12524240500876428 /* TopViewController.swift in Sources */,
				F03BF53725241F7E006018BC /* SceneCoodinator.swift in Sources */,
				F02F3600252462CA00876428 /* UserDefault.swift in Sources */,
				F066AE9725270B5F00800ABB /* Genre.swift in Sources */,
				F07C1C852525B25400DB9AE1 /* UIColor+Extension.swift in Sources */,
				F03BF5202523310F006018BC /* ViewController.swift in Sources */,
				F02F35EF252421A900876428 /* SplashViewModel.swift in Sources */,
				F07C1C832525937A00DB9AE1 /* ParentPlatfomModel.swift in Sources */,
				F066AE9B25271C7100800ABB /* SelectedGenreCell.swift in Sources */,
				F07C1C6C2525793A00DB9AE1 /* SelectPlatformViewController.swift in Sources */,
				F03BF53825241F7E006018BC /* Scene.swift in Sources */,
				F07C1C872525B2FB00DB9AE1 /* LeftAlignedCollectionViewFlowLayout.swift in Sources */,
				F03BF51C2523310F006018BC /* AppDelegate.swift in Sources */,
				F03BF51E2523310F006018BC /* SceneDelegate.swift in Sources */,
				F02F35EB2524205F00876428 /* BaseViewModel.swift in Sources */,
				F066AE9525270B1F00800ABB /* GenreModel.swift in Sources */,
				F07C1C80252592A500DB9AE1 /* BaseResponse.swift in Sources */,
				F05D2535252ABAC500E019DB /* BaseSelectedCell.swift in Sources */,
				F07C1C7025257A6200DB9AE1 /* UIView+Constrain+Extension.swift in Sources */,
				F07C1C7225257A8000DB9AE1 /* UITableview+Extension.swift in Sources */,
				F07C1C8B2525C6FF00DB9AE1 /* SelectPlatformHeaderView.swift in Sources */,
				F066AE9925270D4E00800ABB /* BaseSelectViewModel.swift in Sources */,
				F0AE44162526D9AE001D218F /* SelectGenreViewController.swift in Sources */,
				F0AE44182526D9D4001D218F /* SelectGenreViewModel.swift in Sources */,
				F07C1C6E2525794B00DB9AE1 /* SelectPlatformViewModel.swift in Sources */,
				F02F35F62524253200876428 /* LoadingButton.swift in Sources */,
				F07C1C7725257ACF00DB9AE1 /* SellectPlatformCell.swift in Sources */,
				F07C1C7925257AE700DB9AE1 /* BaseCollectionViewCell.swift in Sources */,
				F0AE44122526D6DB001D218F /* BaseSelectViewController.swift in Sources */,
				F02F35E92524203B00876428 /* BaseViewController.swift in Sources */,
				F07C1C7425257A8B00DB9AE1 /* NSObject+Extension.swift in Sources */,
				F02F35E425241FE600876428 /* Observable+Extension.swift in Sources */,
				F02F35F32524241400876428 /* TopViewModel.swift in Sources */,
				F02F35ED2524219100876428 /* SplashViewController.swift in Sources */,
				F03BF53925241F7E006018BC /* SceneTransitionType.swift in Sources */,
				F07C1C7E2525927D00DB9AE1 /* ParentPlatform.swift in Sources */,
			);
			runOnlyForDeploymentPostprocessing = 0;
		};
/* End PBXSourcesBuildPhase section */

/* Begin PBXVariantGroup section */
		F03BF5212523310F006018BC /* Main.storyboard */ = {
			isa = PBXVariantGroup;
			children = (
				F03BF5222523310F006018BC /* Base */,
			);
			name = Main.storyboard;
			sourceTree = "<group>";
		};
		F03BF52625233113006018BC /* LaunchScreen.storyboard */ = {
			isa = PBXVariantGroup;
			children = (
				F03BF52725233113006018BC /* Base */,
			);
			name = LaunchScreen.storyboard;
			sourceTree = "<group>";
		};
/* End PBXVariantGroup section */

/* Begin XCBuildConfiguration section */
		F03BF52A25233113006018BC /* Debug */ = {
			isa = XCBuildConfiguration;
			buildSettings = {
				ALWAYS_SEARCH_USER_PATHS = NO;
				CLANG_ANALYZER_NONNULL = YES;
				CLANG_ANALYZER_NUMBER_OBJECT_CONVERSION = YES_AGGRESSIVE;
				CLANG_CXX_LANGUAGE_STANDARD = "gnu++14";
				CLANG_CXX_LIBRARY = "libc++";
				CLANG_ENABLE_MODULES = YES;
				CLANG_ENABLE_OBJC_ARC = YES;
				CLANG_ENABLE_OBJC_WEAK = YES;
				CLANG_WARN_BLOCK_CAPTURE_AUTORELEASING = YES;
				CLANG_WARN_BOOL_CONVERSION = YES;
				CLANG_WARN_COMMA = YES;
				CLANG_WARN_CONSTANT_CONVERSION = YES;
				CLANG_WARN_DEPRECATED_OBJC_IMPLEMENTATIONS = YES;
				CLANG_WARN_DIRECT_OBJC_ISA_USAGE = YES_ERROR;
				CLANG_WARN_DOCUMENTATION_COMMENTS = YES;
				CLANG_WARN_EMPTY_BODY = YES;
				CLANG_WARN_ENUM_CONVERSION = YES;
				CLANG_WARN_INFINITE_RECURSION = YES;
				CLANG_WARN_INT_CONVERSION = YES;
				CLANG_WARN_NON_LITERAL_NULL_CONVERSION = YES;
				CLANG_WARN_OBJC_IMPLICIT_RETAIN_SELF = YES;
				CLANG_WARN_OBJC_LITERAL_CONVERSION = YES;
				CLANG_WARN_OBJC_ROOT_CLASS = YES_ERROR;
				CLANG_WARN_RANGE_LOOP_ANALYSIS = YES;
				CLANG_WARN_STRICT_PROTOTYPES = YES;
				CLANG_WARN_SUSPICIOUS_MOVE = YES;
				CLANG_WARN_UNGUARDED_AVAILABILITY = YES_AGGRESSIVE;
				CLANG_WARN_UNREACHABLE_CODE = YES;
				CLANG_WARN__DUPLICATE_METHOD_MATCH = YES;
				COPY_PHASE_STRIP = NO;
				DEBUG_INFORMATION_FORMAT = dwarf;
				ENABLE_STRICT_OBJC_MSGSEND = YES;
				ENABLE_TESTABILITY = YES;
				GCC_C_LANGUAGE_STANDARD = gnu11;
				GCC_DYNAMIC_NO_PIC = NO;
				GCC_NO_COMMON_BLOCKS = YES;
				GCC_OPTIMIZATION_LEVEL = 0;
				GCC_PREPROCESSOR_DEFINITIONS = (
					"DEBUG=1",
					"$(inherited)",
				);
				GCC_WARN_64_TO_32_BIT_CONVERSION = YES;
				GCC_WARN_ABOUT_RETURN_TYPE = YES_ERROR;
				GCC_WARN_UNDECLARED_SELECTOR = YES;
				GCC_WARN_UNINITIALIZED_AUTOS = YES_AGGRESSIVE;
				GCC_WARN_UNUSED_FUNCTION = YES;
				GCC_WARN_UNUSED_VARIABLE = YES;
				IPHONEOS_DEPLOYMENT_TARGET = 13.7;
				MTL_ENABLE_DEBUG_INFO = INCLUDE_SOURCE;
				MTL_FAST_MATH = YES;
				ONLY_ACTIVE_ARCH = YES;
				SDKROOT = iphoneos;
				SWIFT_ACTIVE_COMPILATION_CONDITIONS = DEBUG;
				SWIFT_OPTIMIZATION_LEVEL = "-Onone";
			};
			name = Debug;
		};
		F03BF52B25233113006018BC /* Release */ = {
			isa = XCBuildConfiguration;
			buildSettings = {
				ALWAYS_SEARCH_USER_PATHS = NO;
				CLANG_ANALYZER_NONNULL = YES;
				CLANG_ANALYZER_NUMBER_OBJECT_CONVERSION = YES_AGGRESSIVE;
				CLANG_CXX_LANGUAGE_STANDARD = "gnu++14";
				CLANG_CXX_LIBRARY = "libc++";
				CLANG_ENABLE_MODULES = YES;
				CLANG_ENABLE_OBJC_ARC = YES;
				CLANG_ENABLE_OBJC_WEAK = YES;
				CLANG_WARN_BLOCK_CAPTURE_AUTORELEASING = YES;
				CLANG_WARN_BOOL_CONVERSION = YES;
				CLANG_WARN_COMMA = YES;
				CLANG_WARN_CONSTANT_CONVERSION = YES;
				CLANG_WARN_DEPRECATED_OBJC_IMPLEMENTATIONS = YES;
				CLANG_WARN_DIRECT_OBJC_ISA_USAGE = YES_ERROR;
				CLANG_WARN_DOCUMENTATION_COMMENTS = YES;
				CLANG_WARN_EMPTY_BODY = YES;
				CLANG_WARN_ENUM_CONVERSION = YES;
				CLANG_WARN_INFINITE_RECURSION = YES;
				CLANG_WARN_INT_CONVERSION = YES;
				CLANG_WARN_NON_LITERAL_NULL_CONVERSION = YES;
				CLANG_WARN_OBJC_IMPLICIT_RETAIN_SELF = YES;
				CLANG_WARN_OBJC_LITERAL_CONVERSION = YES;
				CLANG_WARN_OBJC_ROOT_CLASS = YES_ERROR;
				CLANG_WARN_RANGE_LOOP_ANALYSIS = YES;
				CLANG_WARN_STRICT_PROTOTYPES = YES;
				CLANG_WARN_SUSPICIOUS_MOVE = YES;
				CLANG_WARN_UNGUARDED_AVAILABILITY = YES_AGGRESSIVE;
				CLANG_WARN_UNREACHABLE_CODE = YES;
				CLANG_WARN__DUPLICATE_METHOD_MATCH = YES;
				COPY_PHASE_STRIP = NO;
				DEBUG_INFORMATION_FORMAT = "dwarf-with-dsym";
				ENABLE_NS_ASSERTIONS = NO;
				ENABLE_STRICT_OBJC_MSGSEND = YES;
				GCC_C_LANGUAGE_STANDARD = gnu11;
				GCC_NO_COMMON_BLOCKS = YES;
				GCC_WARN_64_TO_32_BIT_CONVERSION = YES;
				GCC_WARN_ABOUT_RETURN_TYPE = YES_ERROR;
				GCC_WARN_UNDECLARED_SELECTOR = YES;
				GCC_WARN_UNINITIALIZED_AUTOS = YES_AGGRESSIVE;
				GCC_WARN_UNUSED_FUNCTION = YES;
				GCC_WARN_UNUSED_VARIABLE = YES;
				IPHONEOS_DEPLOYMENT_TARGET = 13.7;
				MTL_ENABLE_DEBUG_INFO = NO;
				MTL_FAST_MATH = YES;
				SDKROOT = iphoneos;
				SWIFT_COMPILATION_MODE = wholemodule;
				SWIFT_OPTIMIZATION_LEVEL = "-O";
				VALIDATE_PRODUCT = YES;
			};
			name = Release;
		};
		F03BF52D25233113006018BC /* Debug */ = {
			isa = XCBuildConfiguration;
			baseConfigurationReference = BE65B5C542E9CC8371E1F3C4 /* Pods-gamecenter.debug.xcconfig */;
			buildSettings = {
				ASSETCATALOG_COMPILER_APPICON_NAME = AppIcon;
				CODE_SIGN_STYLE = Automatic;
				DEVELOPMENT_TEAM = 8AXDZSN382;
				INFOPLIST_FILE = gamecenter/Info.plist;
				IPHONEOS_DEPLOYMENT_TARGET = 12.0;
				LD_RUNPATH_SEARCH_PATHS = (
					"$(inherited)",
					"@executable_path/Frameworks",
				);
				PRODUCT_BUNDLE_IDENTIFIER = com.daovu.gamecenter;
				PRODUCT_NAME = "$(TARGET_NAME)";
				SWIFT_VERSION = 5.0;
				TARGETED_DEVICE_FAMILY = 1;
			};
			name = Debug;
		};
		F03BF52E25233113006018BC /* Release */ = {
			isa = XCBuildConfiguration;
			baseConfigurationReference = FF50BFAC0D6B974E66B60AE6 /* Pods-gamecenter.release.xcconfig */;
			buildSettings = {
				ASSETCATALOG_COMPILER_APPICON_NAME = AppIcon;
				CODE_SIGN_STYLE = Automatic;
				DEVELOPMENT_TEAM = 8AXDZSN382;
				INFOPLIST_FILE = gamecenter/Info.plist;
				IPHONEOS_DEPLOYMENT_TARGET = 12.0;
				LD_RUNPATH_SEARCH_PATHS = (
					"$(inherited)",
					"@executable_path/Frameworks",
				);
				PRODUCT_BUNDLE_IDENTIFIER = com.daovu.gamecenter;
				PRODUCT_NAME = "$(TARGET_NAME)";
				SWIFT_VERSION = 5.0;
				TARGETED_DEVICE_FAMILY = 1;
			};
			name = Release;
		};
/* End XCBuildConfiguration section */

/* Begin XCConfigurationList section */
		F03BF5132523310F006018BC /* Build configuration list for PBXProject "gamecenter" */ = {
			isa = XCConfigurationList;
			buildConfigurations = (
				F03BF52A25233113006018BC /* Debug */,
				F03BF52B25233113006018BC /* Release */,
			);
			defaultConfigurationIsVisible = 0;
			defaultConfigurationName = Release;
		};
		F03BF52C25233113006018BC /* Build configuration list for PBXNativeTarget "gamecenter" */ = {
			isa = XCConfigurationList;
			buildConfigurations = (
				F03BF52D25233113006018BC /* Debug */,
				F03BF52E25233113006018BC /* Release */,
			);
			defaultConfigurationIsVisible = 0;
			defaultConfigurationName = Release;
		};
/* End XCConfigurationList section */
	};
	rootObject = F03BF5102523310F006018BC /* Project object */;
}
